
Microsoft Visual Studio Solution File, Format Version 12.00
# Visual Studio Version 16
VisualStudioVersion = 16.0.30907.101
MinimumVisualStudioVersion = 10.0.40219.1
Project("{FAE04EC0-301F-11D3-BF4B-00C04F79EFBC}") = "MVC__CRUD_TESTE", "MVC__CRUD_TESTE.csproj", "{E40E8232-E13F-4D84-B948-503CC450892C}"
EndProject
Global
	GlobalSection(SolutionConfigurationPlatforms) = preSolution
		Debug|Any CPU = Debug|Any CPU
		Release|Any CPU = Release|Any CPU
	EndGlobalSection
	GlobalSection(ProjectConfigurationPlatforms) = postSolution
		{E40E8232-E13F-4D84-B948-503CC450892C}.Debug|Any CPU.ActiveCfg = Debug|Any CPU
		{E40E8232-E13F-4D84-B948-503CC450892C}.Debug|Any CPU.Build.0 = Debug|Any CPU
		{E40E8232-E13F-4D84-B948-503CC450892C}.Release|Any CPU.ActiveCfg = Release|Any CPU
		{E40E8232-E13F-4D84-B948-503CC450892C}.Release|Any CPU.Build.0 = Release|Any CPU
	EndGlobalSection
	GlobalSection(SolutionProperties) = preSolution
		HideSolutionNode = FALSE
	EndGlobalSection
	GlobalSection(ExtensibilityGlobals) = postSolution
		SolutionGuid = {989CD8EA-1827-4F6B-82FD-D66B5463600C}
	EndGlobalSection
EndGlobal
